{
  "version": 4,
  "terraform_version": "1.7.5",
  "serial": 136,
  "lineage": "95198879-2f6f-25d8-1691-c0001fce85a9",
  "outputs": {},
  "resources": [
    {
      "mode": "managed",
      "type": "google_compute_firewall",
      "name": "terraform_firewall",
      "provider": "provider[\"registry.terraform.io/hashicorp/google\"]",
      "instances": [
        {
          "schema_version": 1,
          "attributes": {
            "allow": [
              {
                "ports": [
                  "80",
                  "22",
                  "8080",
                  "9000",
                  "8065",
                  "9090",
                  "3000"
                ],
                "protocol": "tcp"
              }
            ],
            "creation_timestamp": "2024-04-16T05:44:21.157-07:00",
            "deny": [],
            "description": "",
            "destination_ranges": [],
            "direction": "INGRESS",
            "disabled": false,
            "enable_logging": null,
            "id": "projects/chrome-setting-419912/global/firewalls/terraform-firewall",
            "log_config": [],
            "name": "terraform-firewall",
            "network": "https://www.googleapis.com/compute/v1/projects/chrome-setting-419912/global/networks/default",
            "priority": 1000,
            "project": "chrome-setting-419912",
            "self_link": "https://www.googleapis.com/compute/v1/projects/chrome-setting-419912/global/firewalls/terraform-firewall",
            "source_ranges": [
              "0.0.0.0/0"
            ],
            "source_service_accounts": [],
            "source_tags": [],
            "target_service_accounts": [],
            "target_tags": [],
            "timeouts": null
          },
          "sensitive_attributes": [],
          "private": "eyJlMmJmYjczMC1lY2FhLTExZTYtOGY4OC0zNDM2M2JjN2M0YzAiOnsiY3JlYXRlIjoxMjAwMDAwMDAwMDAwLCJkZWxldGUiOjEyMDAwMDAwMDAwMDAsInVwZGF0ZSI6MTIwMDAwMDAwMDAwMH0sInNjaGVtYV92ZXJzaW9uIjoiMSJ9"
        }
      ]
    }
  ],
  "check_results": null
}
